
Microsoft Visual Studio Solution File, Format Version 12.00
# Visual Studio 15
VisualStudioVersion = 15.0.27428.2043
MinimumVisualStudioVersion = 10.0.40219.1
Project("{FAE04EC0-301F-11D3-BF4B-00C04F79EFBC}") = "ToSquareImage2", "ToSquareImage2\ToSquareImage2.csproj", "{3A6184F4-0411-4A99-AF1D-6D233FF23305}"
EndProject
Global
	GlobalSection(SolutionConfigurationPlatforms) = preSolution
		Debug|Any CPU = Debug|Any CPU
		Release|Any CPU = Release|Any CPU
	EndGlobalSection
	GlobalSection(ProjectConfigurationPlatforms) = postSolution
		{3A6184F4-0411-4A99-AF1D-6D233FF23305}.Debug|Any CPU.ActiveCfg = Debug|Any CPU
		{3A6184F4-0411-4A99-AF1D-6D233FF23305}.Debug|Any CPU.Build.0 = Debug|Any CPU
		{3A6184F4-0411-4A99-AF1D-6D233FF23305}.Release|Any CPU.ActiveCfg = Release|Any CPU
		{3A6184F4-0411-4A99-AF1D-6D233FF23305}.Release|Any CPU.Build.0 = Release|Any CPU
	EndGlobalSection
	GlobalSection(SolutionProperties) = preSolution
		HideSolutionNode = FALSE
	EndGlobalSection
	GlobalSection(ExtensibilityGlobals) = postSolution
		SolutionGuid = {D6F74381-70E3-4985-A22C-782691805383}
	EndGlobalSection
EndGlobal
